// !$*UTF8*$!
{
	archiveVersion = 1;
	classes = {
	};
	objectVersion = 46;
	objects = {

/* Begin PBXBuildFile section */
		CC5E49EB1EBD3589007E660B /* AppDelegate.swift in Sources */ = {isa = PBXBuildFile; fileRef = CC5E49EA1EBD3589007E660B /* AppDelegate.swift */; };
		CC5E49ED1EBD3589007E660B /* ViewController.swift in Sources */ = {isa = PBXBuildFile; fileRef = CC5E49EC1EBD3589007E660B /* ViewController.swift */; };
		CC5E49F01EBD3589007E660B /* Main.storyboard in Resources */ = {isa = PBXBuildFile; fileRef = CC5E49EE1EBD3589007E660B /* Main.storyboard */; };
		CC5E49F31EBD3589007E660B /* Caderneta.xcdatamodeld in Sources */ = {isa = PBXBuildFile; fileRef = CC5E49F11EBD3589007E660B /* Caderneta.xcdatamodeld */; };
		CC5E49F51EBD3589007E660B /* Assets.xcassets in Resources */ = {isa = PBXBuildFile; fileRef = CC5E49F41EBD3589007E660B /* Assets.xcassets */; };
		CC5E49F81EBD3589007E660B /* LaunchScreen.storyboard in Resources */ = {isa = PBXBuildFile; fileRef = CC5E49F61EBD3589007E660B /* LaunchScreen.storyboard */; };
		CC8FB3CF1EBE249600B72DC4 /* galaxy-star-galaxy-light-sky-night.jpg in Resources */ = {isa = PBXBuildFile; fileRef = CC8FB3CE1EBE249600B72DC4 /* galaxy-star-galaxy-light-sky-night.jpg */; };
		CC8FB3D11EBE25AE00B72DC4 /* CadernetaViewController.swift in Sources */ = {isa = PBXBuildFile; fileRef = CC8FB3D01EBE25AE00B72DC4 /* CadernetaViewController.swift */; };
/* End PBXBuildFile section */

/* Begin PBXFileReference section */
		CC5E49E71EBD3589007E660B /* Caderneta.app */ = {isa = PBXFileReference; explicitFileType = wrapper.application; includeInIndex = 0; path = Caderneta.app; sourceTree = BUILT_PRODUCTS_DIR; };
		CC5E49EA1EBD3589007E660B /* AppDelegate.swift */ = {isa = PBXFileReference; lastKnownFileType = sourcecode.swift; path = AppDelegate.swift; sourceTree = "<group>"; };
		CC5E49EC1EBD3589007E660B /* ViewController.swift */ = {isa = PBXFileReference; lastKnownFileType = sourcecode.swift; path = ViewController.swift; sourceTree = "<group>"; };
		CC5E49EF1EBD3589007E660B /* Base */ = {isa = PBXFileReference; lastKnownFileType = file.storyboard; name = Base; path = Base.lproj/Main.storyboard; sourceTree = "<group>"; };
		CC5E49F21EBD3589007E660B /* Caderneta.xcdatamodel */ = {isa = PBXFileReference; lastKnownFileType = wrapper.xcdatamodel; path = Caderneta.xcdatamodel; sourceTree = "<group>"; };
		CC5E49F41EBD3589007E660B /* Assets.xcassets */ = {isa = PBXFileReference; lastKnownFileType = folder.assetcatalog; path = Assets.xcassets; sourceTree = "<group>"; };
		CC5E49F71EBD3589007E660B /* Base */ = {isa = PBXFileReference; lastKnownFileType = file.storyboard; name = Base; path = Base.lproj/LaunchScreen.storyboard; sourceTree = "<group>"; };
		CC5E49F91EBD3589007E660B /* Info.plist */ = {isa = PBXFileReference; lastKnownFileType = text.plist.xml; path = Info.plist; sourceTree = "<group>"; };
		CC8FB3CE1EBE249600B72DC4 /* galaxy-star-galaxy-light-sky-night.jpg */ = {isa = PBXFileReference; lastKnownFileType = image.jpeg; path = "galaxy-star-galaxy-light-sky-night.jpg"; sourceTree = "<group>"; };
		CC8FB3D01EBE25AE00B72DC4 /* CadernetaViewController.swift */ = {isa = PBXFileReference; fileEncoding = 4; lastKnownFileType = sourcecode.swift; path = CadernetaViewController.swift; sourceTree = "<group>"; };
/* End PBXFileReference section */

/* Begin PBXFrameworksBuildPhase section */
		CC5E49E41EBD3589007E660B /* Frameworks */ = {
			isa = PBXFrameworksBuildPhase;
			buildActionMask = 2147483647;
			files = (
			);
			runOnlyForDeploymentPostprocessing = 0;
		};
/* End PBXFrameworksBuildPhase section */

/* Begin PBXGroup section */
		CC5E49DE1EBD3589007E660B = {
			isa = PBXGroup;
			children = (
				CC5E49E91EBD3589007E660B /* Caderneta */,
				CC5E49E81EBD3589007E660B /* Products */,
			);
			sourceTree = "<group>";
		};
		CC5E49E81EBD3589007E660B /* Products */ = {
			isa = PBXGroup;
			children = (
				CC5E49E71EBD3589007E660B /* Caderneta.app */,
			);
			name = Products;
			sourceTree = "<group>";
		};
		CC5E49E91EBD3589007E660B /* Caderneta */ = {
			isa = PBXGroup;
			children = (
				CC8FB3CE1EBE249600B72DC4 /* galaxy-star-galaxy-light-sky-night.jpg */,
				CC5E49EA1EBD3589007E660B /* AppDelegate.swift */,
				CC5E49EC1EBD3589007E660B /* ViewController.swift */,
				CC8FB3D01EBE25AE00B72DC4 /* CadernetaViewController.swift */,
				CC5E49EE1EBD3589007E660B /* Main.storyboard */,
				CC5E49F41EBD3589007E660B /* Assets.xcassets */,
				CC5E49F61EBD3589007E660B /* LaunchScreen.storyboard */,
				CC5E49F91EBD3589007E660B /* Info.plist */,
				CC5E49F11EBD3589007E660B /* Caderneta.xcdatamodeld */,
			);
			path = Caderneta;
			sourceTree = "<group>";
		};
/* End PBXGroup section */

/* Begin PBXNativeTarget section */
		CC5E49E61EBD3589007E660B /* Caderneta */ = {
			isa = PBXNativeTarget;
			buildConfigurationList = CC5E49FC1EBD3589007E660B /* Build configuration list for PBXNativeTarget "Caderneta" */;
			buildPhases = (
				CC5E49E31EBD3589007E660B /* Sources */,
				CC5E49E41EBD3589007E660B /* Frameworks */,
				CC5E49E51EBD3589007E660B /* Resources */,
			);
			buildRules = (
			);
			dependencies = (
			);
			name = Caderneta;
			productName = Caderneta;
			productReference = CC5E49E71EBD3589007E660B /* Caderneta.app */;
			productType = "com.apple.product-type.application";
		};
/* End PBXNativeTarget section */

/* Begin PBXProject section */
		CC5E49DF1EBD3589007E660B /* Project object */ = {
			isa = PBXProject;
			attributes = {
				LastSwiftUpdateCheck = 0830;
				LastUpgradeCheck = 0830;
				ORGANIZATIONNAME = "Jorge Mota";
				TargetAttributes = {
					CC5E49E61EBD3589007E660B = {
						CreatedOnToolsVersion = 8.3.2;
						ProvisioningStyle = Automatic;
					};
				};
			};
			buildConfigurationList = CC5E49E21EBD3589007E660B /* Build configuration list for PBXProject "Caderneta" */;
			compatibilityVersion = "Xcode 3.2";
			developmentRegion = English;
			hasScannedForEncodings = 0;
			knownRegions = (
				en,
				Base,
			);
			mainGroup = CC5E49DE1EBD3589007E660B;
			productRefGroup = CC5E49E81EBD3589007E660B /* Products */;
			projectDirPath = "";
			projectRoot = "";
			targets = (
				CC5E49E61EBD3589007E660B /* Caderneta */,
			);
		};
/* End PBXProject section */

/* Begin PBXResourcesBuildPhase section */
		CC5E49E51EBD3589007E660B /* Resources */ = {
			isa = PBXResourcesBuildPhase;
			buildActionMask = 2147483647;
			files = (
				CC5E49F81EBD3589007E660B /* LaunchScreen.storyboard in Resources */,
				CC8FB3CF1EBE249600B72DC4 /* galaxy-star-galaxy-light-sky-night.jpg in Resources */,
				CC5E49F51EBD3589007E660B /* Assets.xcassets in Resources */,
				CC5E49F01EBD3589007E660B /* Main.storyboard in Resources */,
			);
			runOnlyForDeploymentPostprocessing = 0;
		};
/* End PBXResourcesBuildPhase section */

/* Begin PBXSourcesBuildPhase section */
		CC5E49E31EBD3589007E660B /* Sources */ = {
			isa = PBXSourcesBuildPhase;
			buildActionMask = 2147483647;
			files = (
				CC5E49ED1EBD3589007E660B /* ViewController.swift in Sources */,
				CC5E49F31EBD3589007E660B /* Caderneta.xcdatamodeld in Sources */,
				CC8FB3D11EBE25AE00B72DC4 /* CadernetaViewController.swift in Sources */,
				CC5E49EB1EBD3589007E660B /* AppDelegate.swift in Sources */,
			);
			runOnlyForDeploymentPostprocessing = 0;
		};
/* End PBXSourcesBuildPhase section */

/* Begin PBXVariantGroup section */
		CC5E49EE1EBD3589007E660B /* Main.storyboard */ = {
			isa = PBXVariantGroup;
			children = (
				CC5E49EF1EBD3589007E660B /* Base */,
			);
			name = Main.storyboard;
			sourceTree = "<group>";
		};
		CC5E49F61EBD3589007E660B /* LaunchScreen.storyboard */ = {
			isa = PBXVariantGroup;
			children = (
				CC5E49F71EBD3589007E660B /* Base */,
			);
			name = LaunchScreen.storyboard;
			sourceTree = "<group>";
		};
/* End PBXVariantGroup section */

/* Begin XCBuildConfiguration section */
		CC5E49FA1EBD3589007E660B /* Debug */ = {
			isa = XCBuildConfiguration;
			buildSettings = {
				ALWAYS_SEARCH_USER_PATHS = NO;
				CLANG_ANALYZER_NONNULL = YES;
				CLANG_ANALYZER_NUMBER_OBJECT_CONVERSION = YES_AGGRESSIVE;
				CLANG_CXX_LANGUAGE_STANDARD = "gnu++0x";
				CLANG_CXX_LIBRARY = "libc++";
				CLANG_ENABLE_MODULES = YES;
				CLANG_ENABLE_OBJC_ARC = YES;
				CLANG_WARN_BOOL_CONVERSION = YES;
				CLANG_WARN_CONSTANT_CONVERSION = YES;
				CLANG_WARN_DIRECT_OBJC_ISA_USAGE = YES_ERROR;
				CLANG_WARN_DOCUMENTATION_COMMENTS = YES;
				CLANG_WARN_EMPTY_BODY = YES;
				CLANG_WARN_ENUM_CONVERSION = YES;
				CLANG_WARN_INFINITE_RECURSION = YES;
				CLANG_WARN_INT_CONVERSION = YES;
				CLANG_WARN_OBJC_ROOT_CLASS = YES_ERROR;
				CLANG_WARN_SUSPICIOUS_MOVE = YES;
				CLANG_WARN_UNREACHABLE_CODE = YES;
				CLANG_WARN__DUPLICATE_METHOD_MATCH = YES;
				"CODE_SIGN_IDENTITY[sdk=iphoneos*]" = "iPhone Developer";
				COPY_PHASE_STRIP = NO;
				DEBUG_INFORMATION_FORMAT = dwarf;
				ENABLE_STRICT_OBJC_MSGSEND = YES;
				ENABLE_TESTABILITY = YES;
				GCC_C_LANGUAGE_STANDARD = gnu99;
				GCC_DYNAMIC_NO_PIC = NO;
				GCC_NO_COMMON_BLOCKS = YES;
				GCC_OPTIMIZATION_LEVEL = 0;
				GCC_PREPROCESSOR_DEFINITIONS = (
					"DEBUG=1",
					"$(inherited)",
				);
				GCC_WARN_64_TO_32_BIT_CONVERSION = YES;
				GCC_WARN_ABOUT_RETURN_TYPE = YES_ERROR;
				GCC_WARN_UNDECLARED_SELECTOR = YES;
				GCC_WARN_UNINITIALIZED_AUTOS = YES_AGGRESSIVE;
				GCC_WARN_UNUSED_FUNCTION = YES;
				GCC_WARN_UNUSED_VARIABLE = YES;
				IPHONEOS_DEPLOYMENT_TARGET = 10.3;
				MTL_ENABLE_DEBUG_INFO = YES;
				ONLY_ACTIVE_ARCH = YES;
				SDKROOT = iphoneos;
				SWIFT_ACTIVE_COMPILATION_CONDITIONS = DEBUG;
				SWIFT_OPTIMIZATION_LEVEL = "-Onone";
				TARGETED_DEVICE_FAMILY = "1,2";
			};
			name = Debug;
		};
		CC5E49FB1EBD3589007E660B /* Release */ = {
			isa = XCBuildConfiguration;
			buildSettings = {
				ALWAYS_SEARCH_USER_PATHS = NO;
				CLANG_ANALYZER_NONNULL = YES;
				CLANG_ANALYZER_NUMBER_OBJECT_CONVERSION = YES_AGGRESSIVE;
				CLANG_CXX_LANGUAGE_STANDARD = "gnu++0x";
				CLANG_CXX_LIBRARY = "libc++";
				CLANG_ENABLE_MODULES = YES;
				CLANG_ENABLE_OBJC_ARC = YES;
				CLANG_WARN_BOOL_CONVERSION = YES;
				CLANG_WARN_CONSTANT_CONVERSION = YES;
				CLANG_WARN_DIRECT_OBJC_ISA_USAGE = YES_ERROR;
				CLANG_WARN_DOCUMENTATION_COMMENTS = YES;
				CLANG_WARN_EMPTY_BODY = YES;
				CLANG_WARN_ENUM_CONVERSION = YES;
				CLANG_WARN_INFINITE_RECURSION = YES;
				CLANG_WARN_INT_CONVERSION = YES;
				CLANG_WARN_OBJC_ROOT_CLASS = YES_ERROR;
				CLANG_WARN_SUSPICIOUS_MOVE = YES;
				CLANG_WARN_UNREACHABLE_CODE = YES;
				CLANG_WARN__DUPLICATE_METHOD_MATCH = YES;
				"CODE_SIGN_IDENTITY[sdk=iphoneos*]" = "iPhone Developer";
				COPY_PHASE_STRIP = NO;
				DEBUG_INFORMATION_FORMAT = "dwarf-with-dsym";
				ENABLE_NS_ASSERTIONS = NO;
				ENABLE_STRICT_OBJC_MSGSEND = YES;
				GCC_C_LANGUAGE_STANDARD = gnu99;
				GCC_NO_COMMON_BLOCKS = YES;
				GCC_WARN_64_TO_32_BIT_CONVERSION = YES;
				GCC_WARN_ABOUT_RETURN_TYPE = YES_ERROR;
				GCC_WARN_UNDECLARED_SELECTOR = YES;
				GCC_WARN_UNINITIALIZED_AUTOS = YES_AGGRESSIVE;
				GCC_WARN_UNUSED_FUNCTION = YES;
				GCC_WARN_UNUSED_VARIABLE = YES;
				IPHONEOS_DEPLOYMENT_TARGET = 10.3;
				MTL_ENABLE_DEBUG_INFO = NO;
				SDKROOT = iphoneos;
				SWIFT_OPTIMIZATION_LEVEL = "-Owholemodule";
				TARGETED_DEVICE_FAMILY = "1,2";
				VALIDATE_PRODUCT = YES;
			};
			name = Release;
		};
		CC5E49FD1EBD3589007E660B /* Debug */ = {
			isa = XCBuildConfiguration;
			buildSettings = {
				ASSETCATALOG_COMPILER_APPICON_NAME = AppIcon;
				INFOPLIST_FILE = Caderneta/Info.plist;
				LD_RUNPATH_SEARCH_PATHS = "$(inherited) @executable_path/Frameworks";
				PRODUCT_BUNDLE_IDENTIFIER = jorgemota.Caderneta;
				PRODUCT_NAME = "$(TARGET_NAME)";
				SWIFT_VERSION = 3.0;
			};
			name = Debug;
		};
		CC5E49FE1EBD3589007E660B /* Release */ = {
			isa = XCBuildConfiguration;
			buildSettings = {
				ASSETCATALOG_COMPILER_APPICON_NAME = AppIcon;
				INFOPLIST_FILE = Caderneta/Info.plist;
				LD_RUNPATH_SEARCH_PATHS = "$(inherited) @executable_path/Frameworks";
				PRODUCT_BUNDLE_IDENTIFIER = jorgemota.Caderneta;
				PRODUCT_NAME = "$(TARGET_NAME)";
				SWIFT_VERSION = 3.0;
			};
			name = Release;
		};
/* End XCBuildConfiguration section */

/* Begin XCConfigurationList section */
		CC5E49E21EBD3589007E660B /* Build configuration list for PBXProject "Caderneta" */ = {
			isa = XCConfigurationList;
			buildConfigurations = (
				CC5E49FA1EBD3589007E660B /* Debug */,
				CC5E49FB1EBD3589007E660B /* Release */,
			);
			defaultConfigurationIsVisible = 0;
			defaultConfigurationName = Release;
		};
		CC5E49FC1EBD3589007E660B /* Build configuration list for PBXNativeTarget "Caderneta" */ = {
			isa = XCConfigurationList;
			buildConfigurations = (
				CC5E49FD1EBD3589007E660B /* Debug */,
				CC5E49FE1EBD3589007E660B /* Release */,
			);
			defaultConfigurationIsVisible = 0;
			defaultConfigurationName = Release;
		};
/* End XCConfigurationList section */

/* Begin XCVersionGroup section */
		CC5E49F11EBD3589007E660B /* Caderneta.xcdatamodeld */ = {
			isa = XCVersionGroup;
			children = (
				CC5E49F21EBD3589007E660B /* Caderneta.xcdatamodel */,
			);
			currentVersion = CC5E49F21EBD3589007E660B /* Caderneta.xcdatamodel */;
			path = Caderneta.xcdatamodeld;
			sourceTree = "<group>";
			versionGroupType = wrapper.xcdatamodel;
		};
/* End XCVersionGroup section */
	};
	rootObject = CC5E49DF1EBD3589007E660B /* Project object */;
}
